
Microsoft Visual Studio Solution File, Format Version 12.00
# Visual Studio Version 17
VisualStudioVersion = 17.0.31903.59
MinimumVisualStudioVersion = 10.0.40219.1
Project("{2150E333-8FDC-42A3-9474-1A3956D46DE8}") = "BridgePattern", "BridgePattern", "{5F9CC954-38F2-42BB-A365-6F1A34034C49}"
EndProject
Project("{9A19103F-16F7-4668-BE54-9A1E7A4F7556}") = "BridgePatternBefore", "..\BridgePattern\BridgePatternBefore\BridgePatternBefore.csproj", "{50A5F40E-1973-47BA-9129-C583408103EB}"
EndProject
Project("{9A19103F-16F7-4668-BE54-9A1E7A4F7556}") = "BridgePatternAfter", "..\BridgePattern\BridgePatternAfter\BridgePatternAfter.csproj", "{43BADB72-404D-49F4-AD48-69F64DE046FF}"
EndProject
Project("{9A19103F-16F7-4668-BE54-9A1E7A4F7556}") = "BridgePatternExcersice", "..\BridgePattern\BridgePatternExcersice\BridgePatternExcersice.csproj", "{A4C111A5-8720-485A-96E8-675975CDD47C}"
EndProject
Global
	GlobalSection(SolutionConfigurationPlatforms) = preSolution
		Debug|Any CPU = Debug|Any CPU
		Release|Any CPU = Release|Any CPU
	EndGlobalSection
	GlobalSection(ProjectConfigurationPlatforms) = postSolution
		{50A5F40E-1973-47BA-9129-C583408103EB}.Debug|Any CPU.ActiveCfg = Debug|Any CPU
		{50A5F40E-1973-47BA-9129-C583408103EB}.Debug|Any CPU.Build.0 = Debug|Any CPU
		{50A5F40E-1973-47BA-9129-C583408103EB}.Release|Any CPU.ActiveCfg = Release|Any CPU
		{50A5F40E-1973-47BA-9129-C583408103EB}.Release|Any CPU.Build.0 = Release|Any CPU
		{43BADB72-404D-49F4-AD48-69F64DE046FF}.Debug|Any CPU.ActiveCfg = Debug|Any CPU
		{43BADB72-404D-49F4-AD48-69F64DE046FF}.Debug|Any CPU.Build.0 = Debug|Any CPU
		{43BADB72-404D-49F4-AD48-69F64DE046FF}.Release|Any CPU.ActiveCfg = Release|Any CPU
		{43BADB72-404D-49F4-AD48-69F64DE046FF}.Release|Any CPU.Build.0 = Release|Any CPU
		{A4C111A5-8720-485A-96E8-675975CDD47C}.Debug|Any CPU.ActiveCfg = Debug|Any CPU
		{A4C111A5-8720-485A-96E8-675975CDD47C}.Debug|Any CPU.Build.0 = Debug|Any CPU
		{A4C111A5-8720-485A-96E8-675975CDD47C}.Release|Any CPU.ActiveCfg = Release|Any CPU
		{A4C111A5-8720-485A-96E8-675975CDD47C}.Release|Any CPU.Build.0 = Release|Any CPU
	EndGlobalSection
	GlobalSection(SolutionProperties) = preSolution
		HideSolutionNode = FALSE
	EndGlobalSection
	GlobalSection(NestedProjects) = preSolution
		{50A5F40E-1973-47BA-9129-C583408103EB} = {5F9CC954-38F2-42BB-A365-6F1A34034C49}
		{43BADB72-404D-49F4-AD48-69F64DE046FF} = {5F9CC954-38F2-42BB-A365-6F1A34034C49}
		{A4C111A5-8720-485A-96E8-675975CDD47C} = {5F9CC954-38F2-42BB-A365-6F1A34034C49}
	EndGlobalSection
	GlobalSection(ExtensibilityGlobals) = postSolution
		SolutionGuid = {8E5993EC-A1C3-4C63-9683-8CF4BE258B8E}
	EndGlobalSection
EndGlobal
